
Microsoft Visual Studio Solution File, Format Version 12.00
# Visual Studio 15
VisualStudioVersion = 15.0.28307.329
MinimumVisualStudioVersion = 10.0.40219.1
Project("{FAE04EC0-301F-11D3-BF4B-00C04F79EFBC}") = "Sistema", "Sistema\Sistema.csproj", "{36320A5D-3DB1-4E4B-B268-C25DEF74EA59}"
EndProject
Global
	GlobalSection(SolutionConfigurationPlatforms) = preSolution
		Debug|Any CPU = Debug|Any CPU
		Release|Any CPU = Release|Any CPU
	EndGlobalSection
	GlobalSection(ProjectConfigurationPlatforms) = postSolution
		{36320A5D-3DB1-4E4B-B268-C25DEF74EA59}.Debug|Any CPU.ActiveCfg = Debug|Any CPU
		{36320A5D-3DB1-4E4B-B268-C25DEF74EA59}.Debug|Any CPU.Build.0 = Debug|Any CPU
		{36320A5D-3DB1-4E4B-B268-C25DEF74EA59}.Release|Any CPU.ActiveCfg = Release|Any CPU
		{36320A5D-3DB1-4E4B-B268-C25DEF74EA59}.Release|Any CPU.Build.0 = Release|Any CPU
	EndGlobalSection
	GlobalSection(SolutionProperties) = preSolution
		HideSolutionNode = FALSE
	EndGlobalSection
	GlobalSection(ExtensibilityGlobals) = postSolution
		SolutionGuid = {0199B63F-0AEC-4218-81FD-392BA3BD61F3}
	EndGlobalSection
EndGlobal
